{
  "version": "4",
  "remote": {
    "https://deno.land/std@0.168.0/async/abortable.ts": "80b2ac399f142cc528f95a037a7d0e653296352d95c681e284533765961de409",
    "https://deno.land/std@0.168.0/async/deadline.ts": "2c2deb53c7c28ca1dda7a3ad81e70508b1ebc25db52559de6b8636c9278fd41f",
    "https://deno.land/std@0.168.0/async/debounce.ts": "60301ffb37e730cd2d6f9dadfd0ecb2a38857681bd7aaf6b0a106b06e5210a98",
    "https://deno.land/std@0.168.0/async/deferred.ts": "77d3f84255c3627f1cc88699d8472b664d7635990d5358c4351623e098e917d6",
    "https://deno.land/std@0.168.0/async/delay.ts": "5a9bfba8de38840308a7a33786a0155a7f6c1f7a859558ddcec5fe06e16daf57",
    "https://deno.land/std@0.168.0/async/mod.ts": "7809ad4bb223e40f5fdc043e5c7ca04e0e25eed35c32c3c32e28697c553fa6d9",
    "https://deno.land/std@0.168.0/async/mux_async_iterator.ts": "770a0ff26c59f8bbbda6b703a2235f04e379f73238e8d66a087edc68c2a2c35f",
    "https://deno.land/std@0.168.0/async/pool.ts": "6854d8cd675a74c73391c82005cbbe4cc58183bddcd1fbbd7c2bcda42b61cf69",
    "https://deno.land/std@0.168.0/async/retry.ts": "e8e5173623915bbc0ddc537698fa418cf875456c347eda1ed453528645b42e67",
    "https://deno.land/std@0.168.0/async/tee.ts": "3a47cc4e9a940904fd4341f0224907e199121c80b831faa5ec2b054c6d2eff5e",
    "https://deno.land/std@0.168.0/http/server.ts": "e99c1bee8a3f6571ee4cdeb2966efad465b8f6fe62bec1bdb59c1f007cc4d155"
  },
  "workspace": {
    "packageJson": {
      "dependencies": [
        "npm:@babel/core@^7.25.2",
        "npm:@expo/vector-icons@^14.0.2",
        "npm:@gorhom/bottom-sheet@^5.1.2",
        "npm:@react-native-async-storage/async-storage@^1.23.1",
        "npm:@react-native-community/datetimepicker@^8.3.0",
        "npm:@react-navigation/bottom-tabs@^7.2.0",
        "npm:@react-navigation/native@^7.0.14",
        "npm:@rneui/themed@^4.0.0-rc.8",
        "npm:@shopify/flash-list@^1.7.6",
        "npm:@supabase/supabase-js@^2.49.1",
        "npm:@types/jest@^29.5.12",
        "npm:@types/react-test-renderer@^18.3.0",
        "npm:@types/react@~18.3.12",
        "npm:expo-av@^15.0.2",
        "npm:expo-blur@~14.0.3",
        "npm:expo-constants@~17.0.8",
        "npm:expo-dev-client@~5.0.12",
        "npm:expo-env@^1.1.1",
        "npm:expo-font@~13.0.4",
        "npm:expo-haptics@~14.0.1",
        "npm:expo-image-manipulator@^13.0.6",
        "npm:expo-image-picker@^16.0.6",
        "npm:expo-linking@~7.0.5",
        "npm:expo-location@^18.0.8",
        "npm:expo-router@~4.0.19",
        "npm:expo-splash-screen@~0.29.22",
        "npm:expo-status-bar@~2.0.1",
        "npm:expo-symbols@~0.2.2",
        "npm:expo-system-ui@~4.0.8",
        "npm:expo-web-browser@~14.0.2",
        "npm:expo@~52.0.40",
        "npm:jest-expo@~52.0.6",
        "npm:jest@^29.2.1",
        "npm:react-dom@18.3.1",
        "npm:react-native-fast-image@^8.6.3",
        "npm:react-native-gesture-handler@~2.20.2",
        "npm:react-native-modal-datetime-picker@18",
        "npm:react-native-reanimated@~3.16.1",
        "npm:react-native-safe-area-context@4.12.0",
        "npm:react-native-screens@4.4",
        "npm:react-native-tab-view@^4.0.6",
        "npm:react-native-url-polyfill@2",
        "npm:react-native-web@~0.19.13",
        "npm:react-native-webview@13.12.5",
        "npm:react-native@0.76.7",
        "npm:react-test-renderer@18.3.1",
        "npm:react@18.3.1",
        "npm:typescript@^5.3.3"
      ]
    }
  }
}
